
Microsoft Visual Studio Solution File, Format Version 12.00
# Visual Studio 2013
VisualStudioVersion = 12.0.21005.1
MinimumVisualStudioVersion = 10.0.40219.1
Project("{2150E333-8FDC-42A3-9474-1A3956D46DE8}") = "Demo", "Demo", "{B9FF4419-8815-40CE-99B8-FBE722E453A2}"
EndProject
Project("{2150E333-8FDC-42A3-9474-1A3956D46DE8}") = "01 Aplicacion", "01 Aplicacion", "{E57E7D96-9615-47FB-A6A9-973F5775DFD2}"
EndProject
Project("{2150E333-8FDC-42A3-9474-1A3956D46DE8}") = "02 Servicios", "02 Servicios", "{051A86DA-1859-42E2-A8E3-6A30F5995B47}"
EndProject
Project("{2150E333-8FDC-42A3-9474-1A3956D46DE8}") = "03 Validaciones", "03 Validaciones", "{2FED5F8F-A255-4D40-9DBE-1B209EC4FD1F}"
EndProject
Project("{2150E333-8FDC-42A3-9474-1A3956D46DE8}") = "04 Persistencia", "04 Persistencia", "{30E4590E-5AC6-4FF4-9A5B-D3BF4ED5F73F}"
EndProject
Project("{2150E333-8FDC-42A3-9474-1A3956D46DE8}") = "05 Modelo", "05 Modelo", "{0981D44D-7A13-44EE-8B4E-CC1724A1BA96}"
EndProject
Project("{FAE04EC0-301F-11D3-BF4B-00C04F79EFBC}") = "ModelDemo", "Demo\05 Modelo\ModelDemo\ModelDemo.csproj", "{74C3E668-7F09-4144-B078-0E93ABBC29F9}"
EndProject
Project("{FAE04EC0-301F-11D3-BF4B-00C04F79EFBC}") = "PersistenciaDemo", "Demo\04 Persistencia\PersistenciaDemo\PersistenciaDemo.csproj", "{E7B0E6B2-C93B-4F21-A281-1F55D42D61B4}"
EndProject
Project("{2150E333-8FDC-42A3-9474-1A3956D46DE8}") = "06 Tests", "06 Tests", "{26267234-58FB-4F7B-BC6A-DAF85D62BAFD}"
EndProject
Project("{FAE04EC0-301F-11D3-BF4B-00C04F79EFBC}") = "ConsoleApplDemo", "Demo\01 Aplicacion\ConsoleApplDemo\ConsoleApplDemo.csproj", "{14CAC819-7196-4279-AD63-A4CB6465893D}"
EndProject
Global
	GlobalSection(SolutionConfigurationPlatforms) = preSolution
		Debug|Any CPU = Debug|Any CPU
		Release|Any CPU = Release|Any CPU
	EndGlobalSection
	GlobalSection(ProjectConfigurationPlatforms) = postSolution
		{74C3E668-7F09-4144-B078-0E93ABBC29F9}.Debug|Any CPU.ActiveCfg = Debug|Any CPU
		{74C3E668-7F09-4144-B078-0E93ABBC29F9}.Debug|Any CPU.Build.0 = Debug|Any CPU
		{74C3E668-7F09-4144-B078-0E93ABBC29F9}.Release|Any CPU.ActiveCfg = Release|Any CPU
		{74C3E668-7F09-4144-B078-0E93ABBC29F9}.Release|Any CPU.Build.0 = Release|Any CPU
		{E7B0E6B2-C93B-4F21-A281-1F55D42D61B4}.Debug|Any CPU.ActiveCfg = Debug|Any CPU
		{E7B0E6B2-C93B-4F21-A281-1F55D42D61B4}.Debug|Any CPU.Build.0 = Debug|Any CPU
		{E7B0E6B2-C93B-4F21-A281-1F55D42D61B4}.Release|Any CPU.ActiveCfg = Release|Any CPU
		{E7B0E6B2-C93B-4F21-A281-1F55D42D61B4}.Release|Any CPU.Build.0 = Release|Any CPU
		{14CAC819-7196-4279-AD63-A4CB6465893D}.Debug|Any CPU.ActiveCfg = Debug|Any CPU
		{14CAC819-7196-4279-AD63-A4CB6465893D}.Debug|Any CPU.Build.0 = Debug|Any CPU
		{14CAC819-7196-4279-AD63-A4CB6465893D}.Release|Any CPU.ActiveCfg = Release|Any CPU
		{14CAC819-7196-4279-AD63-A4CB6465893D}.Release|Any CPU.Build.0 = Release|Any CPU
	EndGlobalSection
	GlobalSection(SolutionProperties) = preSolution
		HideSolutionNode = FALSE
	EndGlobalSection
	GlobalSection(NestedProjects) = preSolution
		{E57E7D96-9615-47FB-A6A9-973F5775DFD2} = {B9FF4419-8815-40CE-99B8-FBE722E453A2}
		{051A86DA-1859-42E2-A8E3-6A30F5995B47} = {B9FF4419-8815-40CE-99B8-FBE722E453A2}
		{2FED5F8F-A255-4D40-9DBE-1B209EC4FD1F} = {B9FF4419-8815-40CE-99B8-FBE722E453A2}
		{30E4590E-5AC6-4FF4-9A5B-D3BF4ED5F73F} = {B9FF4419-8815-40CE-99B8-FBE722E453A2}
		{0981D44D-7A13-44EE-8B4E-CC1724A1BA96} = {B9FF4419-8815-40CE-99B8-FBE722E453A2}
		{26267234-58FB-4F7B-BC6A-DAF85D62BAFD} = {B9FF4419-8815-40CE-99B8-FBE722E453A2}
		{14CAC819-7196-4279-AD63-A4CB6465893D} = {E57E7D96-9615-47FB-A6A9-973F5775DFD2}
		{E7B0E6B2-C93B-4F21-A281-1F55D42D61B4} = {30E4590E-5AC6-4FF4-9A5B-D3BF4ED5F73F}
		{74C3E668-7F09-4144-B078-0E93ABBC29F9} = {0981D44D-7A13-44EE-8B4E-CC1724A1BA96}
	EndGlobalSection
EndGlobal
